
Microsoft Visual Studio Solution File, Format Version 12.00
# Visual Studio 15
VisualStudioVersion = 15.0.28307.136
MinimumVisualStudioVersion = 10.0.40219.1
Project("{FAE04EC0-301F-11D3-BF4B-00C04F79EFBC}") = "AspNetCoreWebApiStarter", "AspNetCoreWebApiStarter\AspNetCoreWebApiStarter.csproj", "{A34C3319-6279-4D78-9586-89E38BD28B8F}"
EndProject
Global
	GlobalSection(SolutionConfigurationPlatforms) = preSolution
		Debug|Any CPU = Debug|Any CPU
		Release|Any CPU = Release|Any CPU
	EndGlobalSection
	GlobalSection(ProjectConfigurationPlatforms) = postSolution
		{A34C3319-6279-4D78-9586-89E38BD28B8F}.Debug|Any CPU.ActiveCfg = Debug|Any CPU
		{A34C3319-6279-4D78-9586-89E38BD28B8F}.Debug|Any CPU.Build.0 = Debug|Any CPU
		{A34C3319-6279-4D78-9586-89E38BD28B8F}.Release|Any CPU.ActiveCfg = Release|Any CPU
		{A34C3319-6279-4D78-9586-89E38BD28B8F}.Release|Any CPU.Build.0 = Release|Any CPU
	EndGlobalSection
	GlobalSection(SolutionProperties) = preSolution
		HideSolutionNode = FALSE
	EndGlobalSection
	GlobalSection(ExtensibilityGlobals) = postSolution
		SolutionGuid = {B7DF6E2E-D1CF-4014-A70D-1ADFE1545E1B}
	EndGlobalSection
EndGlobal
